
Microsoft Visual Studio Solution File, Format Version 12.00
# Visual Studio Version 16
VisualStudioVersion = 16.0.31321.278
MinimumVisualStudioVersion = 10.0.40219.1
Project("{9A19103F-16F7-4668-BE54-9A1E7A4F7556}") = "JogoDaVelha", "JogoDaVelha\JogoDaVelha.csproj", "{38B3F6B8-12C2-4831-ABFF-405D88A66951}"
EndProject
Project("{9A19103F-16F7-4668-BE54-9A1E7A4F7556}") = "JogoDaVelhaWF", "JogoDaVelhaWF\JogoDaVelhaWF.csproj", "{1D0AAE6F-E1E8-46BB-88B7-C4CD0E8558EA}"
EndProject
Global
	GlobalSection(SolutionConfigurationPlatforms) = preSolution
		Debug|Any CPU = Debug|Any CPU
		Release|Any CPU = Release|Any CPU
	EndGlobalSection
	GlobalSection(ProjectConfigurationPlatforms) = postSolution
		{38B3F6B8-12C2-4831-ABFF-405D88A66951}.Debug|Any CPU.ActiveCfg = Debug|Any CPU
		{38B3F6B8-12C2-4831-ABFF-405D88A66951}.Debug|Any CPU.Build.0 = Debug|Any CPU
		{38B3F6B8-12C2-4831-ABFF-405D88A66951}.Release|Any CPU.ActiveCfg = Release|Any CPU
		{38B3F6B8-12C2-4831-ABFF-405D88A66951}.Release|Any CPU.Build.0 = Release|Any CPU
		{1D0AAE6F-E1E8-46BB-88B7-C4CD0E8558EA}.Debug|Any CPU.ActiveCfg = Debug|Any CPU
		{1D0AAE6F-E1E8-46BB-88B7-C4CD0E8558EA}.Debug|Any CPU.Build.0 = Debug|Any CPU
		{1D0AAE6F-E1E8-46BB-88B7-C4CD0E8558EA}.Release|Any CPU.ActiveCfg = Release|Any CPU
		{1D0AAE6F-E1E8-46BB-88B7-C4CD0E8558EA}.Release|Any CPU.Build.0 = Release|Any CPU
	EndGlobalSection
	GlobalSection(SolutionProperties) = preSolution
		HideSolutionNode = FALSE
	EndGlobalSection
	GlobalSection(ExtensibilityGlobals) = postSolution
		SolutionGuid = {32D6A5E5-316A-414D-BFBC-9961FF0CCCDE}
	EndGlobalSection
EndGlobal
